
Microsoft Visual Studio Solution File, Format Version 12.00
# Visual Studio Version 17
VisualStudioVersion = 17.14.36915.13 d17.14
MinimumVisualStudioVersion = 10.0.40219.1
Project("{FAE04EC0-301F-11D3-BF4B-00C04F79EFBC}") = "prompt_user", "prompt_user.csproj", "{9EDFD1D9-1E86-4A0B-8EDE-BC808F44D6DE}"
EndProject
Global
	GlobalSection(SolutionConfigurationPlatforms) = preSolution
		Debug|Any CPU = Debug|Any CPU
		Release|Any CPU = Release|Any CPU
	EndGlobalSection
	GlobalSection(ProjectConfigurationPlatforms) = postSolution
		{9EDFD1D9-1E86-4A0B-8EDE-BC808F44D6DE}.Debug|Any CPU.ActiveCfg = Debug|Any CPU
		{9EDFD1D9-1E86-4A0B-8EDE-BC808F44D6DE}.Debug|Any CPU.Build.0 = Debug|Any CPU
		{9EDFD1D9-1E86-4A0B-8EDE-BC808F44D6DE}.Release|Any CPU.ActiveCfg = Release|Any CPU
		{9EDFD1D9-1E86-4A0B-8EDE-BC808F44D6DE}.Release|Any CPU.Build.0 = Release|Any CPU
	EndGlobalSection
	GlobalSection(SolutionProperties) = preSolution
		HideSolutionNode = FALSE
	EndGlobalSection
	GlobalSection(ExtensibilityGlobals) = postSolution
		SolutionGuid = {1C3BE814-0083-4A5C-80B5-5504C29F6857}
	EndGlobalSection
EndGlobal
